
Microsoft Visual Studio Solution File, Format Version 12.00
# Visual Studio 15
VisualStudioVersion = 15.0.27130.2010
MinimumVisualStudioVersion = 10.0.40219.1
Project("{8BC9CEB8-8B4A-11D0-8D11-00A0C91BC942}") = "MultithreadRNG", "stepic_one\stepic_one.vcxproj", "{50F87642-8F11-4222-BFD6-8837161D0006}"
EndProject
Global
	GlobalSection(SolutionConfigurationPlatforms) = preSolution
		Debug|x64 = Debug|x64
		Debug|x86 = Debug|x86
		Release|x64 = Release|x64
		Release|x86 = Release|x86
	EndGlobalSection
	GlobalSection(ProjectConfigurationPlatforms) = postSolution
		{50F87642-8F11-4222-BFD6-8837161D0006}.Debug|x64.ActiveCfg = Debug|x64
		{50F87642-8F11-4222-BFD6-8837161D0006}.Debug|x64.Build.0 = Debug|x64
		{50F87642-8F11-4222-BFD6-8837161D0006}.Debug|x86.ActiveCfg = Debug|Win32
		{50F87642-8F11-4222-BFD6-8837161D0006}.Debug|x86.Build.0 = Debug|Win32
		{50F87642-8F11-4222-BFD6-8837161D0006}.Release|x64.ActiveCfg = Release|x64
		{50F87642-8F11-4222-BFD6-8837161D0006}.Release|x64.Build.0 = Release|x64
		{50F87642-8F11-4222-BFD6-8837161D0006}.Release|x86.ActiveCfg = Release|Win32
		{50F87642-8F11-4222-BFD6-8837161D0006}.Release|x86.Build.0 = Release|Win32
	EndGlobalSection
	GlobalSection(SolutionProperties) = preSolution
		HideSolutionNode = FALSE
	EndGlobalSection
	GlobalSection(ExtensibilityGlobals) = postSolution
		SolutionGuid = {CC547424-9515-4655-A041-7EFBFF442837}
	EndGlobalSection
EndGlobal
